// !$*UTF8*$!
{
	archiveVersion = 1;
	classes = {
	};
	objectVersion = 46;
	objects = {

/* Begin PBXBuildFile section */
		7161EEF31B7D9983004B8CEB /* UZUIInput.m in Sources */ = {isa = PBXBuildFile; fileRef = 7161EEF21B7D9983004B8CEB /* UZUIInput.m */; };
		A2F5D22E1D8795A500A4FDCF /* UZTextView.m in Sources */ = {isa = PBXBuildFile; fileRef = A2F5D22D1D8795A500A4FDCF /* UZTextView.m */; };
/* End PBXBuildFile section */

/* Begin PBXCopyFilesBuildPhase section */
		7161EED51B7D840B004B8CEB /* CopyFiles */ = {
			isa = PBXCopyFilesBuildPhase;
			buildActionMask = 2147483647;
			dstPath = "include/$(PRODUCT_NAME)";
			dstSubfolderSpec = 16;
			files = (
			);
			runOnlyForDeploymentPostprocessing = 0;
		};
/* End PBXCopyFilesBuildPhase section */

/* Begin PBXFileReference section */
		7161EED71B7D840B004B8CEB /* libUIInput.a */ = {isa = PBXFileReference; explicitFileType = archive.ar; includeInIndex = 0; path = libUIInput.a; sourceTree = BUILT_PRODUCTS_DIR; };
		7161EEF11B7D9983004B8CEB /* UZUIInput.h */ = {isa = PBXFileReference; fileEncoding = 4; lastKnownFileType = sourcecode.c.h; path = UZUIInput.h; sourceTree = "<group>"; };
		7161EEF21B7D9983004B8CEB /* UZUIInput.m */ = {isa = PBXFileReference; fileEncoding = 4; lastKnownFileType = sourcecode.c.objc; path = UZUIInput.m; sourceTree = "<group>"; };
		A2F5D2291D87957400A4FDCF /* NSDictionaryUtils.h */ = {isa = PBXFileReference; fileEncoding = 4; lastKnownFileType = sourcecode.c.h; path = NSDictionaryUtils.h; sourceTree = "<group>"; };
		A2F5D22A1D87957400A4FDCF /* UZAppUtils.h */ = {isa = PBXFileReference; fileEncoding = 4; lastKnownFileType = sourcecode.c.h; path = UZAppUtils.h; sourceTree = "<group>"; };
		A2F5D22B1D87957400A4FDCF /* UZModule.h */ = {isa = PBXFileReference; fileEncoding = 4; lastKnownFileType = sourcecode.c.h; path = UZModule.h; sourceTree = "<group>"; };
		A2F5D22C1D8795A500A4FDCF /* UZTextView.h */ = {isa = PBXFileReference; fileEncoding = 4; lastKnownFileType = sourcecode.c.h; path = UZTextView.h; sourceTree = "<group>"; };
		A2F5D22D1D8795A500A4FDCF /* UZTextView.m */ = {isa = PBXFileReference; fileEncoding = 4; lastKnownFileType = sourcecode.c.objc; path = UZTextView.m; sourceTree = "<group>"; };
/* End PBXFileReference section */

/* Begin PBXFrameworksBuildPhase section */
		7161EED41B7D840B004B8CEB /* Frameworks */ = {
			isa = PBXFrameworksBuildPhase;
			buildActionMask = 2147483647;
			files = (
			);
			runOnlyForDeploymentPostprocessing = 0;
		};
/* End PBXFrameworksBuildPhase section */

/* Begin PBXGroup section */
		7161EECE1B7D840B004B8CEB = {
			isa = PBXGroup;
			children = (
				A2F5D2281D87957400A4FDCF /* HeadFile */,
				7161EED91B7D840B004B8CEB /* UIInput */,
				7161EED81B7D840B004B8CEB /* Products */,
			);
			sourceTree = "<group>";
		};
		7161EED81B7D840B004B8CEB /* Products */ = {
			isa = PBXGroup;
			children = (
				7161EED71B7D840B004B8CEB /* libUIInput.a */,
			);
			name = Products;
			sourceTree = "<group>";
		};
		7161EED91B7D840B004B8CEB /* UIInput */ = {
			isa = PBXGroup;
			children = (
				7161EEF11B7D9983004B8CEB /* UZUIInput.h */,
				7161EEF21B7D9983004B8CEB /* UZUIInput.m */,
				A2F5D22C1D8795A500A4FDCF /* UZTextView.h */,
				A2F5D22D1D8795A500A4FDCF /* UZTextView.m */,
			);
			path = UIInput;
			sourceTree = "<group>";
		};
		A2F5D2281D87957400A4FDCF /* HeadFile */ = {
			isa = PBXGroup;
			children = (
				A2F5D2291D87957400A4FDCF /* NSDictionaryUtils.h */,
				A2F5D22A1D87957400A4FDCF /* UZAppUtils.h */,
				A2F5D22B1D87957400A4FDCF /* UZModule.h */,
			);
			path = HeadFile;
			sourceTree = "<group>";
		};
/* End PBXGroup section */

/* Begin PBXNativeTarget section */
		7161EED61B7D840B004B8CEB /* UIInput */ = {
			isa = PBXNativeTarget;
			buildConfigurationList = 7161EEEB1B7D840B004B8CEB /* Build configuration list for PBXNativeTarget "UIInput" */;
			buildPhases = (
				7161EED31B7D840B004B8CEB /* Sources */,
				7161EED41B7D840B004B8CEB /* Frameworks */,
				7161EED51B7D840B004B8CEB /* CopyFiles */,
			);
			buildRules = (
			);
			dependencies = (
			);
			name = UIInput;
			productName = UIInput;
			productReference = 7161EED71B7D840B004B8CEB /* libUIInput.a */;
			productType = "com.apple.product-type.library.static";
		};
/* End PBXNativeTarget section */

/* Begin PBXProject section */
		7161EECF1B7D840B004B8CEB /* Project object */ = {
			isa = PBXProject;
			attributes = {
				LastUpgradeCheck = 0640;
				ORGANIZATIONNAME = zhenhua.liu;
				TargetAttributes = {
					7161EED61B7D840B004B8CEB = {
						CreatedOnToolsVersion = 6.4;
					};
				};
			};
			buildConfigurationList = 7161EED21B7D840B004B8CEB /* Build configuration list for PBXProject "UIInput" */;
			compatibilityVersion = "Xcode 3.2";
			developmentRegion = English;
			hasScannedForEncodings = 0;
			knownRegions = (
				en,
			);
			mainGroup = 7161EECE1B7D840B004B8CEB;
			productRefGroup = 7161EED81B7D840B004B8CEB /* Products */;
			projectDirPath = "";
			projectRoot = "";
			targets = (
				7161EED61B7D840B004B8CEB /* UIInput */,
			);
		};
/* End PBXProject section */

/* Begin PBXSourcesBuildPhase section */
		7161EED31B7D840B004B8CEB /* Sources */ = {
			isa = PBXSourcesBuildPhase;
			buildActionMask = 2147483647;
			files = (
				A2F5D22E1D8795A500A4FDCF /* UZTextView.m in Sources */,
				7161EEF31B7D9983004B8CEB /* UZUIInput.m in Sources */,
			);
			runOnlyForDeploymentPostprocessing = 0;
		};
/* End PBXSourcesBuildPhase section */

/* Begin XCBuildConfiguration section */
		7161EEE91B7D840B004B8CEB /* Debug */ = {
			isa = XCBuildConfiguration;
			buildSettings = {
				ALWAYS_SEARCH_USER_PATHS = NO;
				CLANG_CXX_LANGUAGE_STANDARD = "gnu++0x";
				CLANG_CXX_LIBRARY = "libc++";
				CLANG_ENABLE_MODULES = YES;
				CLANG_ENABLE_OBJC_ARC = YES;
				CLANG_WARN_BOOL_CONVERSION = YES;
				CLANG_WARN_CONSTANT_CONVERSION = YES;
				CLANG_WARN_DIRECT_OBJC_ISA_USAGE = YES_ERROR;
				CLANG_WARN_EMPTY_BODY = YES;
				CLANG_WARN_ENUM_CONVERSION = YES;
				CLANG_WARN_INT_CONVERSION = YES;
				CLANG_WARN_OBJC_ROOT_CLASS = YES_ERROR;
				CLANG_WARN_UNREACHABLE_CODE = YES;
				CLANG_WARN__DUPLICATE_METHOD_MATCH = YES;
				COPY_PHASE_STRIP = NO;
				DEBUG_INFORMATION_FORMAT = "dwarf-with-dsym";
				ENABLE_STRICT_OBJC_MSGSEND = YES;
				GCC_C_LANGUAGE_STANDARD = gnu99;
				GCC_DYNAMIC_NO_PIC = NO;
				GCC_NO_COMMON_BLOCKS = YES;
				GCC_OPTIMIZATION_LEVEL = 0;
				GCC_PREPROCESSOR_DEFINITIONS = (
					"DEBUG=1",
					"$(inherited)",
				);
				GCC_SYMBOLS_PRIVATE_EXTERN = NO;
				GCC_WARN_64_TO_32_BIT_CONVERSION = YES;
				GCC_WARN_ABOUT_RETURN_TYPE = YES_ERROR;
				GCC_WARN_UNDECLARED_SELECTOR = YES;
				GCC_WARN_UNINITIALIZED_AUTOS = YES_AGGRESSIVE;
				GCC_WARN_UNUSED_FUNCTION = YES;
				GCC_WARN_UNUSED_VARIABLE = YES;
				IPHONEOS_DEPLOYMENT_TARGET = 7.0;
				MTL_ENABLE_DEBUG_INFO = YES;
				ONLY_ACTIVE_ARCH = YES;
				SDKROOT = iphoneos;
			};
			name = Debug;
		};
		7161EEEA1B7D840B004B8CEB /* Release */ = {
			isa = XCBuildConfiguration;
			buildSettings = {
				ALWAYS_SEARCH_USER_PATHS = NO;
				CLANG_CXX_LANGUAGE_STANDARD = "gnu++0x";
				CLANG_CXX_LIBRARY = "libc++";
				CLANG_ENABLE_MODULES = YES;
				CLANG_ENABLE_OBJC_ARC = YES;
				CLANG_WARN_BOOL_CONVERSION = YES;
				CLANG_WARN_CONSTANT_CONVERSION = YES;
				CLANG_WARN_DIRECT_OBJC_ISA_USAGE = YES_ERROR;
				CLANG_WARN_EMPTY_BODY = YES;
				CLANG_WARN_ENUM_CONVERSION = YES;
				CLANG_WARN_INT_CONVERSION = YES;
				CLANG_WARN_OBJC_ROOT_CLASS = YES_ERROR;
				CLANG_WARN_UNREACHABLE_CODE = YES;
				CLANG_WARN__DUPLICATE_METHOD_MATCH = YES;
				COPY_PHASE_STRIP = NO;
				DEBUG_INFORMATION_FORMAT = "dwarf-with-dsym";
				ENABLE_NS_ASSERTIONS = NO;
				ENABLE_STRICT_OBJC_MSGSEND = YES;
				GCC_C_LANGUAGE_STANDARD = gnu99;
				GCC_NO_COMMON_BLOCKS = YES;
				GCC_WARN_64_TO_32_BIT_CONVERSION = YES;
				GCC_WARN_ABOUT_RETURN_TYPE = YES_ERROR;
				GCC_WARN_UNDECLARED_SELECTOR = YES;
				GCC_WARN_UNINITIALIZED_AUTOS = YES_AGGRESSIVE;
				GCC_WARN_UNUSED_FUNCTION = YES;
				GCC_WARN_UNUSED_VARIABLE = YES;
				IPHONEOS_DEPLOYMENT_TARGET = 7.0;
				MTL_ENABLE_DEBUG_INFO = NO;
				SDKROOT = iphoneos;
				VALIDATE_PRODUCT = YES;
			};
			name = Release;
		};
		7161EEEC1B7D840B004B8CEB /* Debug */ = {
			isa = XCBuildConfiguration;
			buildSettings = {
				ARCHS = (
					"$(ARCHS_STANDARD)",
					armv7s,
				);
				ONLY_ACTIVE_ARCH = NO;
				OTHER_LDFLAGS = "-ObjC";
				PRODUCT_NAME = "$(TARGET_NAME)";
				SKIP_INSTALL = YES;
			};
			name = Debug;
		};
		7161EEED1B7D840B004B8CEB /* Release */ = {
			isa = XCBuildConfiguration;
			buildSettings = {
				ARCHS = (
					"$(ARCHS_STANDARD)",
					armv7s,
				);
				ONLY_ACTIVE_ARCH = NO;
				OTHER_LDFLAGS = "-ObjC";
				PRODUCT_NAME = "$(TARGET_NAME)";
				SKIP_INSTALL = YES;
			};
			name = Release;
		};
/* End XCBuildConfiguration section */

/* Begin XCConfigurationList section */
		7161EED21B7D840B004B8CEB /* Build configuration list for PBXProject "UIInput" */ = {
			isa = XCConfigurationList;
			buildConfigurations = (
				7161EEE91B7D840B004B8CEB /* Debug */,
				7161EEEA1B7D840B004B8CEB /* Release */,
			);
			defaultConfigurationIsVisible = 0;
			defaultConfigurationName = Release;
		};
		7161EEEB1B7D840B004B8CEB /* Build configuration list for PBXNativeTarget "UIInput" */ = {
			isa = XCConfigurationList;
			buildConfigurations = (
				7161EEEC1B7D840B004B8CEB /* Debug */,
				7161EEED1B7D840B004B8CEB /* Release */,
			);
			defaultConfigurationIsVisible = 0;
			defaultConfigurationName = Release;
		};
/* End XCConfigurationList section */
	};
	rootObject = 7161EECF1B7D840B004B8CEB /* Project object */;
}
